// !$*UTF8*$!
{
	archiveVersion = 1;
	classes = {
	};
	objectVersion = 48;
	objects = {

/* Begin PBXBuildFile section */
		AFDC67111FCC8D5F00CDDEE8 /* AppDelegate.swift in Sources */ = {isa = PBXBuildFile; fileRef = AFDC67101FCC8D5F00CDDEE8 /* AppDelegate.swift */; };
		AFDC67131FCC8D5F00CDDEE8 /* ViewController.swift in Sources */ = {isa = PBXBuildFile; fileRef = AFDC67121FCC8D5F00CDDEE8 /* ViewController.swift */; };
		AFDC67161FCC8D5F00CDDEE8 /* Main.storyboard in Resources */ = {isa = PBXBuildFile; fileRef = AFDC67141FCC8D5F00CDDEE8 /* Main.storyboard */; };
		AFDC67181FCC8D5F00CDDEE8 /* Assets.xcassets in Resources */ = {isa = PBXBuildFile; fileRef = AFDC67171FCC8D5F00CDDEE8 /* Assets.xcassets */; };
		AFDC671B1FCC8D5F00CDDEE8 /* LaunchScreen.storyboard in Resources */ = {isa = PBXBuildFile; fileRef = AFDC67191FCC8D5F00CDDEE8 /* LaunchScreen.storyboard */; };
/* End PBXBuildFile section */

/* Begin PBXFileReference section */
		AFDC670D1FCC8D5F00CDDEE8 /* CustomPieView.app */ = {isa = PBXFileReference; explicitFileType = wrapper.application; includeInIndex = 0; path = CustomPieView.app; sourceTree = BUILT_PRODUCTS_DIR; };
		AFDC67101FCC8D5F00CDDEE8 /* AppDelegate.swift */ = {isa = PBXFileReference; lastKnownFileType = sourcecode.swift; path = AppDelegate.swift; sourceTree = "<group>"; };
		AFDC67121FCC8D5F00CDDEE8 /* ViewController.swift */ = {isa = PBXFileReference; lastKnownFileType = sourcecode.swift; path = ViewController.swift; sourceTree = "<group>"; };
		AFDC67151FCC8D5F00CDDEE8 /* Base */ = {isa = PBXFileReference; lastKnownFileType = file.storyboard; name = Base; path = Base.lproj/Main.storyboard; sourceTree = "<group>"; };
		AFDC67171FCC8D5F00CDDEE8 /* Assets.xcassets */ = {isa = PBXFileReference; lastKnownFileType = folder.assetcatalog; path = Assets.xcassets; sourceTree = "<group>"; };
		AFDC671A1FCC8D5F00CDDEE8 /* Base */ = {isa = PBXFileReference; lastKnownFileType = file.storyboard; name = Base; path = Base.lproj/LaunchScreen.storyboard; sourceTree = "<group>"; };
		AFDC671C1FCC8D5F00CDDEE8 /* Info.plist */ = {isa = PBXFileReference; lastKnownFileType = text.plist.xml; path = Info.plist; sourceTree = "<group>"; };
/* End PBXFileReference section */

/* Begin PBXFrameworksBuildPhase section */
		AFDC670A1FCC8D5F00CDDEE8 /* Frameworks */ = {
			isa = PBXFrameworksBuildPhase;
			buildActionMask = 2147483647;
			files = (
			);
			runOnlyForDeploymentPostprocessing = 0;
		};
/* End PBXFrameworksBuildPhase section */

/* Begin PBXGroup section */
		AFDC67041FCC8D5F00CDDEE8 = {
			isa = PBXGroup;
			children = (
				AFDC670F1FCC8D5F00CDDEE8 /* CustomPieView */,
				AFDC670E1FCC8D5F00CDDEE8 /* Products */,
			);
			sourceTree = "<group>";
		};
		AFDC670E1FCC8D5F00CDDEE8 /* Products */ = {
			isa = PBXGroup;
			children = (
				AFDC670D1FCC8D5F00CDDEE8 /* CustomPieView.app */,
			);
			name = Products;
			sourceTree = "<group>";
		};
		AFDC670F1FCC8D5F00CDDEE8 /* CustomPieView */ = {
			isa = PBXGroup;
			children = (
				AFDC67101FCC8D5F00CDDEE8 /* AppDelegate.swift */,
				AFDC67121FCC8D5F00CDDEE8 /* ViewController.swift */,
				AFDC67141FCC8D5F00CDDEE8 /* Main.storyboard */,
				AFDC67171FCC8D5F00CDDEE8 /* Assets.xcassets */,
				AFDC67191FCC8D5F00CDDEE8 /* LaunchScreen.storyboard */,
				AFDC671C1FCC8D5F00CDDEE8 /* Info.plist */,
			);
			path = CustomPieView;
			sourceTree = "<group>";
		};
/* End PBXGroup section */

/* Begin PBXNativeTarget section */
		AFDC670C1FCC8D5F00CDDEE8 /* CustomPieView */ = {
			isa = PBXNativeTarget;
			buildConfigurationList = AFDC671F1FCC8D5F00CDDEE8 /* Build configuration list for PBXNativeTarget "CustomPieView" */;
			buildPhases = (
				AFDC67091FCC8D5F00CDDEE8 /* Sources */,
				AFDC670A1FCC8D5F00CDDEE8 /* Frameworks */,
				AFDC670B1FCC8D5F00CDDEE8 /* Resources */,
			);
			buildRules = (
			);
			dependencies = (
			);
			name = CustomPieView;
			productName = CustomPieView;
			productReference = AFDC670D1FCC8D5F00CDDEE8 /* CustomPieView.app */;
			productType = "com.apple.product-type.application";
		};
/* End PBXNativeTarget section */

/* Begin PBXProject section */
		AFDC67051FCC8D5F00CDDEE8 /* Project object */ = {
			isa = PBXProject;
			attributes = {
				LastSwiftUpdateCheck = 0910;
				LastUpgradeCheck = 0910;
				ORGANIZATIONNAME = "Kirilov, Hristo";
				TargetAttributes = {
					AFDC670C1FCC8D5F00CDDEE8 = {
						CreatedOnToolsVersion = 9.1;
						ProvisioningStyle = Automatic;
					};
				};
			};
			buildConfigurationList = AFDC67081FCC8D5F00CDDEE8 /* Build configuration list for PBXProject "CustomPieView" */;
			compatibilityVersion = "Xcode 8.0";
			developmentRegion = en;
			hasScannedForEncodings = 0;
			knownRegions = (
				en,
				Base,
			);
			mainGroup = AFDC67041FCC8D5F00CDDEE8;
			productRefGroup = AFDC670E1FCC8D5F00CDDEE8 /* Products */;
			projectDirPath = "";
			projectRoot = "";
			targets = (
				AFDC670C1FCC8D5F00CDDEE8 /* CustomPieView */,
			);
		};
/* End PBXProject section */

/* Begin PBXResourcesBuildPhase section */
		AFDC670B1FCC8D5F00CDDEE8 /* Resources */ = {
			isa = PBXResourcesBuildPhase;
			buildActionMask = 2147483647;
			files = (
				AFDC671B1FCC8D5F00CDDEE8 /* LaunchScreen.storyboard in Resources */,
				AFDC67181FCC8D5F00CDDEE8 /* Assets.xcassets in Resources */,
				AFDC67161FCC8D5F00CDDEE8 /* Main.storyboard in Resources */,
			);
			runOnlyForDeploymentPostprocessing = 0;
		};
/* End PBXResourcesBuildPhase section */

/* Begin PBXSourcesBuildPhase section */
		AFDC67091FCC8D5F00CDDEE8 /* Sources */ = {
			isa = PBXSourcesBuildPhase;
			buildActionMask = 2147483647;
			files = (
				AFDC67131FCC8D5F00CDDEE8 /* ViewController.swift in Sources */,
				AFDC67111FCC8D5F00CDDEE8 /* AppDelegate.swift in Sources */,
			);
			runOnlyForDeploymentPostprocessing = 0;
		};
/* End PBXSourcesBuildPhase section */

/* Begin PBXVariantGroup section */
		AFDC67141FCC8D5F00CDDEE8 /* Main.storyboard */ = {
			isa = PBXVariantGroup;
			children = (
				AFDC67151FCC8D5F00CDDEE8 /* Base */,
			);
			name = Main.storyboard;
			sourceTree = "<group>";
		};
		AFDC67191FCC8D5F00CDDEE8 /* LaunchScreen.storyboard */ = {
			isa = PBXVariantGroup;
			children = (
				AFDC671A1FCC8D5F00CDDEE8 /* Base */,
			);
			name = LaunchScreen.storyboard;
			sourceTree = "<group>";
		};
/* End PBXVariantGroup section */

/* Begin XCBuildConfiguration section */
		AFDC671D1FCC8D5F00CDDEE8 /* Debug */ = {
			isa = XCBuildConfiguration;
			buildSettings = {
				ALWAYS_SEARCH_USER_PATHS = NO;
				CLANG_ANALYZER_NONNULL = YES;
				CLANG_ANALYZER_NUMBER_OBJECT_CONVERSION = YES_AGGRESSIVE;
				CLANG_CXX_LANGUAGE_STANDARD = "gnu++14";
				CLANG_CXX_LIBRARY = "libc++";
				CLANG_ENABLE_MODULES = YES;
				CLANG_ENABLE_OBJC_ARC = YES;
				CLANG_WARN_BLOCK_CAPTURE_AUTORELEASING = YES;
				CLANG_WARN_BOOL_CONVERSION = YES;
				CLANG_WARN_COMMA = YES;
				CLANG_WARN_CONSTANT_CONVERSION = YES;
				CLANG_WARN_DIRECT_OBJC_ISA_USAGE = YES_ERROR;
				CLANG_WARN_DOCUMENTATION_COMMENTS = YES;
				CLANG_WARN_EMPTY_BODY = YES;
				CLANG_WARN_ENUM_CONVERSION = YES;
				CLANG_WARN_INFINITE_RECURSION = YES;
				CLANG_WARN_INT_CONVERSION = YES;
				CLANG_WARN_NON_LITERAL_NULL_CONVERSION = YES;
				CLANG_WARN_OBJC_LITERAL_CONVERSION = YES;
				CLANG_WARN_OBJC_ROOT_CLASS = YES_ERROR;
				CLANG_WARN_RANGE_LOOP_ANALYSIS = YES;
				CLANG_WARN_STRICT_PROTOTYPES = YES;
				CLANG_WARN_SUSPICIOUS_MOVE = YES;
				CLANG_WARN_UNGUARDED_AVAILABILITY = YES_AGGRESSIVE;
				CLANG_WARN_UNREACHABLE_CODE = YES;
				CLANG_WARN__DUPLICATE_METHOD_MATCH = YES;
				CODE_SIGN_IDENTITY = "iPhone Developer";
				COPY_PHASE_STRIP = NO;
				DEBUG_INFORMATION_FORMAT = dwarf;
				ENABLE_STRICT_OBJC_MSGSEND = YES;
				ENABLE_TESTABILITY = YES;
				GCC_C_LANGUAGE_STANDARD = gnu11;
				GCC_DYNAMIC_NO_PIC = NO;
				GCC_NO_COMMON_BLOCKS = YES;
				GCC_OPTIMIZATION_LEVEL = 0;
				GCC_PREPROCESSOR_DEFINITIONS = (
					"DEBUG=1",
					"$(inherited)",
				);
				GCC_WARN_64_TO_32_BIT_CONVERSION = YES;
				GCC_WARN_ABOUT_RETURN_TYPE = YES_ERROR;
				GCC_WARN_UNDECLARED_SELECTOR = YES;
				GCC_WARN_UNINITIALIZED_AUTOS = YES_AGGRESSIVE;
				GCC_WARN_UNUSED_FUNCTION = YES;
				GCC_WARN_UNUSED_VARIABLE = YES;
				IPHONEOS_DEPLOYMENT_TARGET = 11.1;
				MTL_ENABLE_DEBUG_INFO = YES;
				ONLY_ACTIVE_ARCH = YES;
				SDKROOT = iphoneos;
				SWIFT_ACTIVE_COMPILATION_CONDITIONS = DEBUG;
				SWIFT_OPTIMIZATION_LEVEL = "-Onone";
			};
			name = Debug;
		};
		AFDC671E1FCC8D5F00CDDEE8 /* Release */ = {
			isa = XCBuildConfiguration;
			buildSettings = {
				ALWAYS_SEARCH_USER_PATHS = NO;
				CLANG_ANALYZER_NONNULL = YES;
				CLANG_ANALYZER_NUMBER_OBJECT_CONVERSION = YES_AGGRESSIVE;
				CLANG_CXX_LANGUAGE_STANDARD = "gnu++14";
				CLANG_CXX_LIBRARY = "libc++";
				CLANG_ENABLE_MODULES = YES;
				CLANG_ENABLE_OBJC_ARC = YES;
				CLANG_WARN_BLOCK_CAPTURE_AUTORELEASING = YES;
				CLANG_WARN_BOOL_CONVERSION = YES;
				CLANG_WARN_COMMA = YES;
				CLANG_WARN_CONSTANT_CONVERSION = YES;
				CLANG_WARN_DIRECT_OBJC_ISA_USAGE = YES_ERROR;
				CLANG_WARN_DOCUMENTATION_COMMENTS = YES;
				CLANG_WARN_EMPTY_BODY = YES;
				CLANG_WARN_ENUM_CONVERSION = YES;
				CLANG_WARN_INFINITE_RECURSION = YES;
				CLANG_WARN_INT_CONVERSION = YES;
				CLANG_WARN_NON_LITERAL_NULL_CONVERSION = YES;
				CLANG_WARN_OBJC_LITERAL_CONVERSION = YES;
				CLANG_WARN_OBJC_ROOT_CLASS = YES_ERROR;
				CLANG_WARN_RANGE_LOOP_ANALYSIS = YES;
				CLANG_WARN_STRICT_PROTOTYPES = YES;
				CLANG_WARN_SUSPICIOUS_MOVE = YES;
				CLANG_WARN_UNGUARDED_AVAILABILITY = YES_AGGRESSIVE;
				CLANG_WARN_UNREACHABLE_CODE = YES;
				CLANG_WARN__DUPLICATE_METHOD_MATCH = YES;
				CODE_SIGN_IDENTITY = "iPhone Developer";
				COPY_PHASE_STRIP = NO;
				DEBUG_INFORMATION_FORMAT = "dwarf-with-dsym";
				ENABLE_NS_ASSERTIONS = NO;
				ENABLE_STRICT_OBJC_MSGSEND = YES;
				GCC_C_LANGUAGE_STANDARD = gnu11;
				GCC_NO_COMMON_BLOCKS = YES;
				GCC_WARN_64_TO_32_BIT_CONVERSION = YES;
				GCC_WARN_ABOUT_RETURN_TYPE = YES_ERROR;
				GCC_WARN_UNDECLARED_SELECTOR = YES;
				GCC_WARN_UNINITIALIZED_AUTOS = YES_AGGRESSIVE;
				GCC_WARN_UNUSED_FUNCTION = YES;
				GCC_WARN_UNUSED_VARIABLE = YES;
				IPHONEOS_DEPLOYMENT_TARGET = 11.1;
				MTL_ENABLE_DEBUG_INFO = NO;
				SDKROOT = iphoneos;
				SWIFT_OPTIMIZATION_LEVEL = "-Owholemodule";
				VALIDATE_PRODUCT = YES;
			};
			name = Release;
		};
		AFDC67201FCC8D5F00CDDEE8 /* Debug */ = {
			isa = XCBuildConfiguration;
			buildSettings = {
				ASSETCATALOG_COMPILER_APPICON_NAME = AppIcon;
				CODE_SIGN_STYLE = Automatic;
				DEVELOPMENT_TEAM = WA5VM5RSC7;
				INFOPLIST_FILE = CustomPieView/Info.plist;
				LD_RUNPATH_SEARCH_PATHS = "$(inherited) @executable_path/Frameworks";
				PRODUCT_BUNDLE_IDENTIFIER = "bg.uni-sofia.fmi.CustomView.CustomPieView";
				PRODUCT_NAME = "$(TARGET_NAME)";
				SWIFT_VERSION = 4.0;
				TARGETED_DEVICE_FAMILY = "1,2";
			};
			name = Debug;
		};
		AFDC67211FCC8D5F00CDDEE8 /* Release */ = {
			isa = XCBuildConfiguration;
			buildSettings = {
				ASSETCATALOG_COMPILER_APPICON_NAME = AppIcon;
				CODE_SIGN_STYLE = Automatic;
				DEVELOPMENT_TEAM = WA5VM5RSC7;
				INFOPLIST_FILE = CustomPieView/Info.plist;
				LD_RUNPATH_SEARCH_PATHS = "$(inherited) @executable_path/Frameworks";
				PRODUCT_BUNDLE_IDENTIFIER = "bg.uni-sofia.fmi.CustomView.CustomPieView";
				PRODUCT_NAME = "$(TARGET_NAME)";
				SWIFT_VERSION = 4.0;
				TARGETED_DEVICE_FAMILY = "1,2";
			};
			name = Release;
		};
/* End XCBuildConfiguration section */

/* Begin XCConfigurationList section */
		AFDC67081FCC8D5F00CDDEE8 /* Build configuration list for PBXProject "CustomPieView" */ = {
			isa = XCConfigurationList;
			buildConfigurations = (
				AFDC671D1FCC8D5F00CDDEE8 /* Debug */,
				AFDC671E1FCC8D5F00CDDEE8 /* Release */,
			);
			defaultConfigurationIsVisible = 0;
			defaultConfigurationName = Release;
		};
		AFDC671F1FCC8D5F00CDDEE8 /* Build configuration list for PBXNativeTarget "CustomPieView" */ = {
			isa = XCConfigurationList;
			buildConfigurations = (
				AFDC67201FCC8D5F00CDDEE8 /* Debug */,
				AFDC67211FCC8D5F00CDDEE8 /* Release */,
			);
			defaultConfigurationIsVisible = 0;
			defaultConfigurationName = Release;
		};
/* End XCConfigurationList section */
	};
	rootObject = AFDC67051FCC8D5F00CDDEE8 /* Project object */;
}
